{
  "lib/eigenlayer-contracts": {
    "tag": {
      "name": "v1.8.1",
      "rev": "31aade2fc3bf6e2c0160cc2e7c7be1a6017296e5"
    }
  },
  "lib/forge-std": {
    "tag": {
      "name": "v1.12.0",
      "rev": "7117c90c8cf6c68e5acce4f09a6b24715cea4de6"
    }
  },
  "lib/openzepplin-contracts-upgradeable-v5": {
    "tag": {
      "name": "v5.5.0",
      "rev": "aa677e9d28ed78fc427ec47ba2baef2030c58e7c"
    }
  },
  "lib/openzepplin-contracts-v5": {
    "tag": {
      "name": "v5.5.0",
      "rev": "fcbae5394ae8ad52d8e580a3477db99814b9d565"
    }
  }
}